
Microsoft Visual Studio Solution File, Format Version 12.00
# Visual Studio 2017
Project("{FAE04EC0-301F-11D3-BF4B-00C04F79EFBC}") = "AssetBundle.Editor", "AssetBundle.Editor.csproj", "{CED401C8-C3EB-C558-A454-8684BD4A779B}"
EndProject
Global
	GlobalSection(SolutionConfigurationPlatforms) = preSolution
		Debug|Any CPU = Debug|Any CPU
		Release|Any CPU = Release|Any CPU
	EndGlobalSection
	GlobalSection(ProjectConfigurationPlatforms) = postSolution
		{CED401C8-C3EB-C558-A454-8684BD4A779B}.Debug|Any CPU.ActiveCfg = Debug|Any CPU
		{CED401C8-C3EB-C558-A454-8684BD4A779B}.Debug|Any CPU.Build.0 = Debug|Any CPU
		{CED401C8-C3EB-C558-A454-8684BD4A779B}.Release|Any CPU.ActiveCfg = Release|Any CPU
		{CED401C8-C3EB-C558-A454-8684BD4A779B}.Release|Any CPU.Build.0 = Release|Any CPU
	EndGlobalSection
	GlobalSection(SolutionProperties) = preSolution
		HideSolutionNode = FALSE
	EndGlobalSection
EndGlobal
